PODS:
  - FlutterMacOS (1.0.0)
  - refresh_rate (0.1.0):
    - FlutterMacOS

DEPENDENCIES:
  - FlutterMacOS (from `Flutter/ephemeral`)
  - refresh_rate (from `Flutter/ephemeral/.symlinks/plugins/refresh_rate/macos`)

EXTERNAL SOURCES:
  FlutterMacOS:
    :path: Flutter/ephemeral
  refresh_rate:
    :path: Flutter/ephemeral/.symlinks/plugins/refresh_rate/macos

SPEC CHECKSUMS:
  FlutterMacOS: d0db08ddef1a9af05a5ec4b724367152bb0500b1
  refresh_rate: 75ff2e747acb2d546aa80e0f521a91607a73388b

PODFILE CHECKSUM: 54d867c82ac51cbd61b565781b9fada492027009

COCOAPODS: 1.16.2
